// !$*UTF8*$!
{
	archiveVersion = 1;
	classes = {
	};
	objectVersion = 50;
	objects = {

/* Begin PBXBuildFile section */
		950E50F0248A84FC00BF720E /* MovieInfoVC.swift in Sources */ = {isa = PBXBuildFile; fileRef = 950E50EF248A84FC00BF720E /* MovieInfoVC.swift */; };
		950E50F2248A945800BF720E /* Movies.swift in Sources */ = {isa = PBXBuildFile; fileRef = 950E50F1248A945800BF720E /* Movies.swift */; };
		950E50F4248A9C3600BF720E /* UIViewController+Ext.swift in Sources */ = {isa = PBXBuildFile; fileRef = 950E50F3248A9C3600BF720E /* UIViewController+Ext.swift */; };
		950E50F6248A9CA200BF720E /* OKAlertVC.swift in Sources */ = {isa = PBXBuildFile; fileRef = 950E50F5248A9CA200BF720E /* OKAlertVC.swift */; };
		950E50F8248A9CF800BF720E /* OKAlertContainerView.swift in Sources */ = {isa = PBXBuildFile; fileRef = 950E50F7248A9CF800BF720E /* OKAlertContainerView.swift */; };
		950E50FA248A9D2800BF720E /* OKBodyLabel.swift in Sources */ = {isa = PBXBuildFile; fileRef = 950E50F9248A9D2800BF720E /* OKBodyLabel.swift */; };
		950E50FD248A9D5800BF720E /* OKButton.swift in Sources */ = {isa = PBXBuildFile; fileRef = 950E50FC248A9D5800BF720E /* OKButton.swift */; };
		9512608E24840C00006AFFB0 /* MovieCell.swift in Sources */ = {isa = PBXBuildFile; fileRef = 9512608D24840C00006AFFB0 /* MovieCell.swift */; };
		951F7D44248BB9F900428DB6 /* Movie.swift in Sources */ = {isa = PBXBuildFile; fileRef = 951F7D43248BB9F900428DB6 /* Movie.swift */; };
		951F7D46248BC01F00428DB6 /* OKMovieInfoHeaderVC.swift in Sources */ = {isa = PBXBuildFile; fileRef = 951F7D45248BC01F00428DB6 /* OKMovieInfoHeaderVC.swift */; };
		951F7D48248BC1D000428DB6 /* OKSecondaryTitleLabel.swift in Sources */ = {isa = PBXBuildFile; fileRef = 951F7D47248BC1D000428DB6 /* OKSecondaryTitleLabel.swift */; };
		952FAC13248C1C600036836A /* PersistenceManager.swift in Sources */ = {isa = PBXBuildFile; fileRef = 952FAC12248C1C600036836A /* PersistenceManager.swift */; };
		9542B93B248AC91800650A91 /* OKPosterImageView.swift in Sources */ = {isa = PBXBuildFile; fileRef = 9542B93A248AC91800650A91 /* OKPosterImageView.swift */; };
		954F0B2624855F0300331853 /* OKDataLoadingVC.swift in Sources */ = {isa = PBXBuildFile; fileRef = 954F0B2524855F0300331853 /* OKDataLoadingVC.swift */; };
		955CEF38248F7A42008D2492 /* OKTextField.swift in Sources */ = {isa = PBXBuildFile; fileRef = 955CEF37248F7A42008D2492 /* OKTextField.swift */; };
		955CEF3A248F7AE1008D2492 /* SearchVC.swift in Sources */ = {isa = PBXBuildFile; fileRef = 955CEF39248F7AE1008D2492 /* SearchVC.swift */; };
		958B9F54248D598C00AEB896 /* FavoriteCell.swift in Sources */ = {isa = PBXBuildFile; fileRef = 958B9F53248D598C00AEB896 /* FavoriteCell.swift */; };
		95A7A7DC24927BF700D1AE03 /* MovieCollectionVC.swift in Sources */ = {isa = PBXBuildFile; fileRef = 95A7A7DB24927BF700D1AE03 /* MovieCollectionVC.swift */; };
		95A7A7E02492826A00D1AE03 /* CollectionMainCell.swift in Sources */ = {isa = PBXBuildFile; fileRef = 95A7A7DF2492826A00D1AE03 /* CollectionMainCell.swift */; };
		95A7A7E224928A4400D1AE03 /* GenreCell.swift in Sources */ = {isa = PBXBuildFile; fileRef = 95A7A7E124928A4400D1AE03 /* GenreCell.swift */; };
		95A7A7E4249295AB00D1AE03 /* OKMovieCellView.swift in Sources */ = {isa = PBXBuildFile; fileRef = 95A7A7E3249295AB00D1AE03 /* OKMovieCellView.swift */; };
		95C6A0D4248EB80A0064FFFE /* UITableView+Ext.swift in Sources */ = {isa = PBXBuildFile; fileRef = 95C6A0D3248EB80A0064FFFE /* UITableView+Ext.swift */; };
		95CC751D248C02B20073FED1 /* Date+Ext.swift in Sources */ = {isa = PBXBuildFile; fileRef = 95CC751C248C02B20073FED1 /* Date+Ext.swift */; };
		95CC751F248C037A0073FED1 /* String+Ext.swift in Sources */ = {isa = PBXBuildFile; fileRef = 95CC751E248C037A0073FED1 /* String+Ext.swift */; };
		95DEE7482483C99300EFA5AB /* AppDelegate.swift in Sources */ = {isa = PBXBuildFile; fileRef = 95DEE7472483C99300EFA5AB /* AppDelegate.swift */; };
		95DEE74A2483C99300EFA5AB /* SceneDelegate.swift in Sources */ = {isa = PBXBuildFile; fileRef = 95DEE7492483C99300EFA5AB /* SceneDelegate.swift */; };
		95DEE7512483C99400EFA5AB /* Assets.xcassets in Resources */ = {isa = PBXBuildFile; fileRef = 95DEE7502483C99400EFA5AB /* Assets.xcassets */; };
		95DEE7542483C99400EFA5AB /* LaunchScreen.storyboard in Resources */ = {isa = PBXBuildFile; fileRef = 95DEE7522483C99400EFA5AB /* LaunchScreen.storyboard */; };
		95DEE7612483CC9A00EFA5AB /* OKTabBarController.swift in Sources */ = {isa = PBXBuildFile; fileRef = 95DEE7602483CC9A00EFA5AB /* OKTabBarController.swift */; };
		95DEE7632483CD7400EFA5AB /* FavoritesVC.swift in Sources */ = {isa = PBXBuildFile; fileRef = 95DEE7622483CD7400EFA5AB /* FavoritesVC.swift */; };
		95DEE7652483CD8600EFA5AB /* CategoriesVC.swift in Sources */ = {isa = PBXBuildFile; fileRef = 95DEE7642483CD8600EFA5AB /* CategoriesVC.swift */; };
		95DEE7682483CDDF00EFA5AB /* Constants.swift in Sources */ = {isa = PBXBuildFile; fileRef = 95DEE7672483CDDF00EFA5AB /* Constants.swift */; };
		95DEE76A2483CE9200EFA5AB /* Keys.swift in Sources */ = {isa = PBXBuildFile; fileRef = 95DEE7692483CE9200EFA5AB /* Keys.swift */; };
		95DEE76E2483D14800EFA5AB /* OKTitleLabel.swift in Sources */ = {isa = PBXBuildFile; fileRef = 95DEE76D2483D14800EFA5AB /* OKTitleLabel.swift */; };
		95DEE7702483D24100EFA5AB /* OKCategoryView.swift in Sources */ = {isa = PBXBuildFile; fileRef = 95DEE76F2483D24100EFA5AB /* OKCategoryView.swift */; };
		95DEE7732483D2EF00EFA5AB /* UIView+Ext.swift in Sources */ = {isa = PBXBuildFile; fileRef = 95DEE7722483D2EF00EFA5AB /* UIView+Ext.swift */; };
		95DEE7752483DA2D00EFA5AB /* UIHelper.swift in Sources */ = {isa = PBXBuildFile; fileRef = 95DEE7742483DA2D00EFA5AB /* UIHelper.swift */; };
		95DEE7772483DDF500EFA5AB /* MovieListVC.swift in Sources */ = {isa = PBXBuildFile; fileRef = 95DEE7762483DDF500EFA5AB /* MovieListVC.swift */; };
		95DEE77C2483DF1B00EFA5AB /* NetworkManager.swift in Sources */ = {isa = PBXBuildFile; fileRef = 95DEE77B2483DF1B00EFA5AB /* NetworkManager.swift */; };
		95DEE77E2483DFA300EFA5AB /* OKError.swift in Sources */ = {isa = PBXBuildFile; fileRef = 95DEE77D2483DFA300EFA5AB /* OKError.swift */; };
/* End PBXBuildFile section */

/* Begin PBXFileReference section */
		950E50EF248A84FC00BF720E /* MovieInfoVC.swift */ = {isa = PBXFileReference; lastKnownFileType = sourcecode.swift; path = MovieInfoVC.swift; sourceTree = "<group>"; };
		950E50F1248A945800BF720E /* Movies.swift */ = {isa = PBXFileReference; lastKnownFileType = sourcecode.swift; path = Movies.swift; sourceTree = "<group>"; };
		950E50F3248A9C3600BF720E /* UIViewController+Ext.swift */ = {isa = PBXFileReference; lastKnownFileType = sourcecode.swift; path = "UIViewController+Ext.swift"; sourceTree = "<group>"; };
		950E50F5248A9CA200BF720E /* OKAlertVC.swift */ = {isa = PBXFileReference; lastKnownFileType = sourcecode.swift; path = OKAlertVC.swift; sourceTree = "<group>"; };
		950E50F7248A9CF800BF720E /* OKAlertContainerView.swift */ = {isa = PBXFileReference; lastKnownFileType = sourcecode.swift; path = OKAlertContainerView.swift; sourceTree = "<group>"; };
		950E50F9248A9D2800BF720E /* OKBodyLabel.swift */ = {isa = PBXFileReference; lastKnownFileType = sourcecode.swift; path = OKBodyLabel.swift; sourceTree = "<group>"; };
		950E50FC248A9D5800BF720E /* OKButton.swift */ = {isa = PBXFileReference; lastKnownFileType = sourcecode.swift; path = OKButton.swift; sourceTree = "<group>"; };
		9512608D24840C00006AFFB0 /* MovieCell.swift */ = {isa = PBXFileReference; lastKnownFileType = sourcecode.swift; path = MovieCell.swift; sourceTree = "<group>"; };
		951F7D43248BB9F900428DB6 /* Movie.swift */ = {isa = PBXFileReference; lastKnownFileType = sourcecode.swift; path = Movie.swift; sourceTree = "<group>"; };
		951F7D45248BC01F00428DB6 /* OKMovieInfoHeaderVC.swift */ = {isa = PBXFileReference; lastKnownFileType = sourcecode.swift; path = OKMovieInfoHeaderVC.swift; sourceTree = "<group>"; };
		951F7D47248BC1D000428DB6 /* OKSecondaryTitleLabel.swift */ = {isa = PBXFileReference; lastKnownFileType = sourcecode.swift; path = OKSecondaryTitleLabel.swift; sourceTree = "<group>"; };
		952FAC12248C1C600036836A /* PersistenceManager.swift */ = {isa = PBXFileReference; lastKnownFileType = sourcecode.swift; path = PersistenceManager.swift; sourceTree = "<group>"; };
		9542B93A248AC91800650A91 /* OKPosterImageView.swift */ = {isa = PBXFileReference; lastKnownFileType = sourcecode.swift; path = OKPosterImageView.swift; sourceTree = "<group>"; };
		954F0B2524855F0300331853 /* OKDataLoadingVC.swift */ = {isa = PBXFileReference; lastKnownFileType = sourcecode.swift; path = OKDataLoadingVC.swift; sourceTree = "<group>"; };
		955CEF37248F7A42008D2492 /* OKTextField.swift */ = {isa = PBXFileReference; lastKnownFileType = sourcecode.swift; path = OKTextField.swift; sourceTree = "<group>"; };
		955CEF39248F7AE1008D2492 /* SearchVC.swift */ = {isa = PBXFileReference; lastKnownFileType = sourcecode.swift; path = SearchVC.swift; sourceTree = "<group>"; };
		958B9F53248D598C00AEB896 /* FavoriteCell.swift */ = {isa = PBXFileReference; lastKnownFileType = sourcecode.swift; path = FavoriteCell.swift; sourceTree = "<group>"; };
		95A7A7DB24927BF700D1AE03 /* MovieCollectionVC.swift */ = {isa = PBXFileReference; lastKnownFileType = sourcecode.swift; path = MovieCollectionVC.swift; sourceTree = "<group>"; };
		95A7A7DF2492826A00D1AE03 /* CollectionMainCell.swift */ = {isa = PBXFileReference; lastKnownFileType = sourcecode.swift; path = CollectionMainCell.swift; sourceTree = "<group>"; };
		95A7A7E124928A4400D1AE03 /* GenreCell.swift */ = {isa = PBXFileReference; lastKnownFileType = sourcecode.swift; path = GenreCell.swift; sourceTree = "<group>"; };
		95A7A7E3249295AB00D1AE03 /* OKMovieCellView.swift */ = {isa = PBXFileReference; lastKnownFileType = sourcecode.swift; path = OKMovieCellView.swift; sourceTree = "<group>"; };
		95C6A0D3248EB80A0064FFFE /* UITableView+Ext.swift */ = {isa = PBXFileReference; lastKnownFileType = sourcecode.swift; path = "UITableView+Ext.swift"; sourceTree = "<group>"; };
		95CC751C248C02B20073FED1 /* Date+Ext.swift */ = {isa = PBXFileReference; lastKnownFileType = sourcecode.swift; path = "Date+Ext.swift"; sourceTree = "<group>"; };
		95CC751E248C037A0073FED1 /* String+Ext.swift */ = {isa = PBXFileReference; lastKnownFileType = sourcecode.swift; path = "String+Ext.swift"; sourceTree = "<group>"; };
		95DEE7442483C99300EFA5AB /* OKMovieDB.app */ = {isa = PBXFileReference; explicitFileType = wrapper.application; includeInIndex = 0; path = OKMovieDB.app; sourceTree = BUILT_PRODUCTS_DIR; };
		95DEE7472483C99300EFA5AB /* AppDelegate.swift */ = {isa = PBXFileReference; lastKnownFileType = sourcecode.swift; path = AppDelegate.swift; sourceTree = "<group>"; };
		95DEE7492483C99300EFA5AB /* SceneDelegate.swift */ = {isa = PBXFileReference; lastKnownFileType = sourcecode.swift; path = SceneDelegate.swift; sourceTree = "<group>"; };
		95DEE7502483C99400EFA5AB /* Assets.xcassets */ = {isa = PBXFileReference; lastKnownFileType = folder.assetcatalog; path = Assets.xcassets; sourceTree = "<group>"; };
		95DEE7532483C99400EFA5AB /* Base */ = {isa = PBXFileReference; lastKnownFileType = file.storyboard; name = Base; path = Base.lproj/LaunchScreen.storyboard; sourceTree = "<group>"; };
		95DEE7552483C99400EFA5AB /* Info.plist */ = {isa = PBXFileReference; lastKnownFileType = text.plist.xml; path = Info.plist; sourceTree = "<group>"; };
		95DEE7602483CC9A00EFA5AB /* OKTabBarController.swift */ = {isa = PBXFileReference; lastKnownFileType = sourcecode.swift; path = OKTabBarController.swift; sourceTree = "<group>"; };
		95DEE7622483CD7400EFA5AB /* FavoritesVC.swift */ = {isa = PBXFileReference; lastKnownFileType = sourcecode.swift; path = FavoritesVC.swift; sourceTree = "<group>"; };
		95DEE7642483CD8600EFA5AB /* CategoriesVC.swift */ = {isa = PBXFileReference; lastKnownFileType = sourcecode.swift; path = CategoriesVC.swift; sourceTree = "<group>"; };
		95DEE7672483CDDF00EFA5AB /* Constants.swift */ = {isa = PBXFileReference; lastKnownFileType = sourcecode.swift; path = Constants.swift; sourceTree = "<group>"; };
		95DEE7692483CE9200EFA5AB /* Keys.swift */ = {isa = PBXFileReference; lastKnownFileType = sourcecode.swift; path = Keys.swift; sourceTree = "<group>"; };
		95DEE76D2483D14800EFA5AB /* OKTitleLabel.swift */ = {isa = PBXFileReference; lastKnownFileType = sourcecode.swift; path = OKTitleLabel.swift; sourceTree = "<group>"; };
		95DEE76F2483D24100EFA5AB /* OKCategoryView.swift */ = {isa = PBXFileReference; lastKnownFileType = sourcecode.swift; path = OKCategoryView.swift; sourceTree = "<group>"; };
		95DEE7722483D2EF00EFA5AB /* UIView+Ext.swift */ = {isa = PBXFileReference; lastKnownFileType = sourcecode.swift; path = "UIView+Ext.swift"; sourceTree = "<group>"; };
		95DEE7742483DA2D00EFA5AB /* UIHelper.swift */ = {isa = PBXFileReference; lastKnownFileType = sourcecode.swift; path = UIHelper.swift; sourceTree = "<group>"; };
		95DEE7762483DDF500EFA5AB /* MovieListVC.swift */ = {isa = PBXFileReference; lastKnownFileType = sourcecode.swift; path = MovieListVC.swift; sourceTree = "<group>"; };
		95DEE77B2483DF1B00EFA5AB /* NetworkManager.swift */ = {isa = PBXFileReference; lastKnownFileType = sourcecode.swift; path = NetworkManager.swift; sourceTree = "<group>"; };
		95DEE77D2483DFA300EFA5AB /* OKError.swift */ = {isa = PBXFileReference; lastKnownFileType = sourcecode.swift; path = OKError.swift; sourceTree = "<group>"; };
/* End PBXFileReference section */

/* Begin PBXFrameworksBuildPhase section */
		95DEE7412483C99300EFA5AB /* Frameworks */ = {
			isa = PBXFrameworksBuildPhase;
			buildActionMask = 2147483647;
			files = (
			);
			runOnlyForDeploymentPostprocessing = 0;
		};
/* End PBXFrameworksBuildPhase section */

/* Begin PBXGroup section */
		950E50FB248A9D4800BF720E /* Buttons */ = {
			isa = PBXGroup;
			children = (
				950E50FC248A9D5800BF720E /* OKButton.swift */,
			);
			path = Buttons;
			sourceTree = "<group>";
		};
		9512608C24840BE6006AFFB0 /* Cells */ = {
			isa = PBXGroup;
			children = (
				9512608D24840C00006AFFB0 /* MovieCell.swift */,
				958B9F53248D598C00AEB896 /* FavoriteCell.swift */,
				95A7A7DF2492826A00D1AE03 /* CollectionMainCell.swift */,
				95A7A7E124928A4400D1AE03 /* GenreCell.swift */,
			);
			path = Cells;
			sourceTree = "<group>";
		};
		9542B937248AC6A600650A91 /* ImageViews */ = {
			isa = PBXGroup;
			children = (
				9542B93A248AC91800650A91 /* OKPosterImageView.swift */,
			);
			path = ImageViews;
			sourceTree = "<group>";
		};
		954F0B2424855EDD00331853 /* ViewControllers */ = {
			isa = PBXGroup;
			children = (
				95C6A0D1248E9DC30064FFFE /* ItemInfoVCs */,
				954F0B2524855F0300331853 /* OKDataLoadingVC.swift */,
			);
			path = ViewControllers;
			sourceTree = "<group>";
		};
		955CEF36248F7A21008D2492 /* TextFields */ = {
			isa = PBXGroup;
			children = (
				955CEF37248F7A42008D2492 /* OKTextField.swift */,
			);
			path = TextFields;
			sourceTree = "<group>";
		};
		95C6A0D1248E9DC30064FFFE /* ItemInfoVCs */ = {
			isa = PBXGroup;
			children = (
				950E50F5248A9CA200BF720E /* OKAlertVC.swift */,
				951F7D45248BC01F00428DB6 /* OKMovieInfoHeaderVC.swift */,
			);
			path = ItemInfoVCs;
			sourceTree = "<group>";
		};
		95DEE73B2483C99300EFA5AB = {
			isa = PBXGroup;
			children = (
				95DEE7462483C99300EFA5AB /* OKMovieDB */,
				95DEE7452483C99300EFA5AB /* Products */,
			);
			sourceTree = "<group>";
		};
		95DEE7452483C99300EFA5AB /* Products */ = {
			isa = PBXGroup;
			children = (
				95DEE7442483C99300EFA5AB /* OKMovieDB.app */,
			);
			name = Products;
			sourceTree = "<group>";
		};
		95DEE7462483C99300EFA5AB /* OKMovieDB */ = {
			isa = PBXGroup;
			children = (
				95DEE7712483D2E100EFA5AB /* Extensions */,
				95DEE7662483CDD000EFA5AB /* Utilities */,
				95DEE77A2483DEF400EFA5AB /* Managers */,
				95DEE75E2483CC3A00EFA5AB /* Model */,
				95DEE75D2483CC2C00EFA5AB /* CustomViews */,
				95DEE75C2483CBF700EFA5AB /* Screens */,
				95DEE75B2483CBD900EFA5AB /* Support */,
				95DEE7552483C99400EFA5AB /* Info.plist */,
			);
			path = OKMovieDB;
			sourceTree = "<group>";
		};
		95DEE75B2483CBD900EFA5AB /* Support */ = {
			isa = PBXGroup;
			children = (
				95DEE7472483C99300EFA5AB /* AppDelegate.swift */,
				95DEE7492483C99300EFA5AB /* SceneDelegate.swift */,
				95DEE7502483C99400EFA5AB /* Assets.xcassets */,
				95DEE7522483C99400EFA5AB /* LaunchScreen.storyboard */,
			);
			path = Support;
			sourceTree = "<group>";
		};
		95DEE75C2483CBF700EFA5AB /* Screens */ = {
			isa = PBXGroup;
			children = (
				95DEE7642483CD8600EFA5AB /* CategoriesVC.swift */,
				95DEE7622483CD7400EFA5AB /* FavoritesVC.swift */,
				95DEE7762483DDF500EFA5AB /* MovieListVC.swift */,
				950E50EF248A84FC00BF720E /* MovieInfoVC.swift */,
				955CEF39248F7AE1008D2492 /* SearchVC.swift */,
				95A7A7DB24927BF700D1AE03 /* MovieCollectionVC.swift */,
			);
			path = Screens;
			sourceTree = "<group>";
		};
		95DEE75D2483CC2C00EFA5AB /* CustomViews */ = {
			isa = PBXGroup;
			children = (
				955CEF36248F7A21008D2492 /* TextFields */,
				950E50FB248A9D4800BF720E /* Buttons */,
				95DEE76C2483D12800EFA5AB /* Labels */,
				9512608C24840BE6006AFFB0 /* Cells */,
				9542B937248AC6A600650A91 /* ImageViews */,
				95DEE76B2483D11E00EFA5AB /* Views */,
				954F0B2424855EDD00331853 /* ViewControllers */,
				95DEE75F2483CC6200EFA5AB /* TabBarControllers */,
			);
			path = CustomViews;
			sourceTree = "<group>";
		};
		95DEE75E2483CC3A00EFA5AB /* Model */ = {
			isa = PBXGroup;
			children = (
				950E50F1248A945800BF720E /* Movies.swift */,
				951F7D43248BB9F900428DB6 /* Movie.swift */,
			);
			path = Model;
			sourceTree = "<group>";
		};
		95DEE75F2483CC6200EFA5AB /* TabBarControllers */ = {
			isa = PBXGroup;
			children = (
				95DEE7602483CC9A00EFA5AB /* OKTabBarController.swift */,
			);
			path = TabBarControllers;
			sourceTree = "<group>";
		};
		95DEE7662483CDD000EFA5AB /* Utilities */ = {
			isa = PBXGroup;
			children = (
				95DEE7692483CE9200EFA5AB /* Keys.swift */,
				95DEE7672483CDDF00EFA5AB /* Constants.swift */,
				95DEE7742483DA2D00EFA5AB /* UIHelper.swift */,
				95DEE77D2483DFA300EFA5AB /* OKError.swift */,
			);
			path = Utilities;
			sourceTree = "<group>";
		};
		95DEE76B2483D11E00EFA5AB /* Views */ = {
			isa = PBXGroup;
			children = (
				95DEE76F2483D24100EFA5AB /* OKCategoryView.swift */,
				950E50F7248A9CF800BF720E /* OKAlertContainerView.swift */,
				95A7A7E3249295AB00D1AE03 /* OKMovieCellView.swift */,
			);
			path = Views;
			sourceTree = "<group>";
		};
		95DEE76C2483D12800EFA5AB /* Labels */ = {
			isa = PBXGroup;
			children = (
				95DEE76D2483D14800EFA5AB /* OKTitleLabel.swift */,
				950E50F9248A9D2800BF720E /* OKBodyLabel.swift */,
				951F7D47248BC1D000428DB6 /* OKSecondaryTitleLabel.swift */,
			);
			path = Labels;
			sourceTree = "<group>";
		};
		95DEE7712483D2E100EFA5AB /* Extensions */ = {
			isa = PBXGroup;
			children = (
				95DEE7722483D2EF00EFA5AB /* UIView+Ext.swift */,
				950E50F3248A9C3600BF720E /* UIViewController+Ext.swift */,
				95CC751C248C02B20073FED1 /* Date+Ext.swift */,
				95CC751E248C037A0073FED1 /* String+Ext.swift */,
				95C6A0D3248EB80A0064FFFE /* UITableView+Ext.swift */,
			);
			path = Extensions;
			sourceTree = "<group>";
		};
		95DEE77A2483DEF400EFA5AB /* Managers */ = {
			isa = PBXGroup;
			children = (
				95DEE77B2483DF1B00EFA5AB /* NetworkManager.swift */,
				952FAC12248C1C600036836A /* PersistenceManager.swift */,
			);
			path = Managers;
			sourceTree = "<group>";
		};
/* End PBXGroup section */

/* Begin PBXNativeTarget section */
		95DEE7432483C99300EFA5AB /* OKMovieDB */ = {
			isa = PBXNativeTarget;
			buildConfigurationList = 95DEE7582483C99400EFA5AB /* Build configuration list for PBXNativeTarget "OKMovieDB" */;
			buildPhases = (
				95DEE7402483C99300EFA5AB /* Sources */,
				95DEE7412483C99300EFA5AB /* Frameworks */,
				95DEE7422483C99300EFA5AB /* Resources */,
			);
			buildRules = (
			);
			dependencies = (
			);
			name = OKMovieDB;
			productName = OKMovieDB;
			productReference = 95DEE7442483C99300EFA5AB /* OKMovieDB.app */;
			productType = "com.apple.product-type.application";
		};
/* End PBXNativeTarget section */

/* Begin PBXProject section */
		95DEE73C2483C99300EFA5AB /* Project object */ = {
			isa = PBXProject;
			attributes = {
				LastSwiftUpdateCheck = 1140;
				LastUpgradeCheck = 1140;
				ORGANIZATIONNAME = "Önder Koşar";
				TargetAttributes = {
					95DEE7432483C99300EFA5AB = {
						CreatedOnToolsVersion = 11.4.1;
					};
				};
			};
			buildConfigurationList = 95DEE73F2483C99300EFA5AB /* Build configuration list for PBXProject "OKMovieDB" */;
			compatibilityVersion = "Xcode 9.3";
			developmentRegion = en;
			hasScannedForEncodings = 0;
			knownRegions = (
				en,
				Base,
			);
			mainGroup = 95DEE73B2483C99300EFA5AB;
			productRefGroup = 95DEE7452483C99300EFA5AB /* Products */;
			projectDirPath = "";
			projectRoot = "";
			targets = (
				95DEE7432483C99300EFA5AB /* OKMovieDB */,
			);
		};
/* End PBXProject section */

/* Begin PBXResourcesBuildPhase section */
		95DEE7422483C99300EFA5AB /* Resources */ = {
			isa = PBXResourcesBuildPhase;
			buildActionMask = 2147483647;
			files = (
				95DEE7542483C99400EFA5AB /* LaunchScreen.storyboard in Resources */,
				95DEE7512483C99400EFA5AB /* Assets.xcassets in Resources */,
			);
			runOnlyForDeploymentPostprocessing = 0;
		};
/* End PBXResourcesBuildPhase section */

/* Begin PBXSourcesBuildPhase section */
		95DEE7402483C99300EFA5AB /* Sources */ = {
			isa = PBXSourcesBuildPhase;
			buildActionMask = 2147483647;
			files = (
				95DEE7632483CD7400EFA5AB /* FavoritesVC.swift in Sources */,
				95DEE76E2483D14800EFA5AB /* OKTitleLabel.swift in Sources */,
				95DEE7732483D2EF00EFA5AB /* UIView+Ext.swift in Sources */,
				954F0B2624855F0300331853 /* OKDataLoadingVC.swift in Sources */,
				951F7D46248BC01F00428DB6 /* OKMovieInfoHeaderVC.swift in Sources */,
				95DEE7752483DA2D00EFA5AB /* UIHelper.swift in Sources */,
				950E50F8248A9CF800BF720E /* OKAlertContainerView.swift in Sources */,
				95CC751F248C037A0073FED1 /* String+Ext.swift in Sources */,
				955CEF38248F7A42008D2492 /* OKTextField.swift in Sources */,
				951F7D48248BC1D000428DB6 /* OKSecondaryTitleLabel.swift in Sources */,
				95CC751D248C02B20073FED1 /* Date+Ext.swift in Sources */,
				9542B93B248AC91800650A91 /* OKPosterImageView.swift in Sources */,
				95A7A7E4249295AB00D1AE03 /* OKMovieCellView.swift in Sources */,
				95DEE77E2483DFA300EFA5AB /* OKError.swift in Sources */,
				95DEE7612483CC9A00EFA5AB /* OKTabBarController.swift in Sources */,
				95C6A0D4248EB80A0064FFFE /* UITableView+Ext.swift in Sources */,
				95DEE7772483DDF500EFA5AB /* MovieListVC.swift in Sources */,
				95A7A7DC24927BF700D1AE03 /* MovieCollectionVC.swift in Sources */,
				951F7D44248BB9F900428DB6 /* Movie.swift in Sources */,
				950E50F0248A84FC00BF720E /* MovieInfoVC.swift in Sources */,
				950E50FD248A9D5800BF720E /* OKButton.swift in Sources */,
				95DEE7482483C99300EFA5AB /* AppDelegate.swift in Sources */,
				952FAC13248C1C600036836A /* PersistenceManager.swift in Sources */,
				95A7A7E02492826A00D1AE03 /* CollectionMainCell.swift in Sources */,
				95DEE74A2483C99300EFA5AB /* SceneDelegate.swift in Sources */,
				950E50F6248A9CA200BF720E /* OKAlertVC.swift in Sources */,
				950E50F4248A9C3600BF720E /* UIViewController+Ext.swift in Sources */,
				950E50F2248A945800BF720E /* Movies.swift in Sources */,
				9512608E24840C00006AFFB0 /* MovieCell.swift in Sources */,
				95DEE76A2483CE9200EFA5AB /* Keys.swift in Sources */,
				958B9F54248D598C00AEB896 /* FavoriteCell.swift in Sources */,
				95DEE77C2483DF1B00EFA5AB /* NetworkManager.swift in Sources */,
				950E50FA248A9D2800BF720E /* OKBodyLabel.swift in Sources */,
				95DEE7652483CD8600EFA5AB /* CategoriesVC.swift in Sources */,
				95DEE7682483CDDF00EFA5AB /* Constants.swift in Sources */,
				955CEF3A248F7AE1008D2492 /* SearchVC.swift in Sources */,
				95DEE7702483D24100EFA5AB /* OKCategoryView.swift in Sources */,
				95A7A7E224928A4400D1AE03 /* GenreCell.swift in Sources */,
			);
			runOnlyForDeploymentPostprocessing = 0;
		};
/* End PBXSourcesBuildPhase section */

/* Begin PBXVariantGroup section */
		95DEE7522483C99400EFA5AB /* LaunchScreen.storyboard */ = {
			isa = PBXVariantGroup;
			children = (
				95DEE7532483C99400EFA5AB /* Base */,
			);
			name = LaunchScreen.storyboard;
			sourceTree = "<group>";
		};
/* End PBXVariantGroup section */

/* Begin XCBuildConfiguration section */
		95DEE7562483C99400EFA5AB /* Debug */ = {
			isa = XCBuildConfiguration;
			buildSettings = {
				ALWAYS_SEARCH_USER_PATHS = NO;
				CLANG_ANALYZER_NONNULL = YES;
				CLANG_ANALYZER_NUMBER_OBJECT_CONVERSION = YES_AGGRESSIVE;
				CLANG_CXX_LANGUAGE_STANDARD = "gnu++14";
				CLANG_CXX_LIBRARY = "libc++";
				CLANG_ENABLE_MODULES = YES;
				CLANG_ENABLE_OBJC_ARC = YES;
				CLANG_ENABLE_OBJC_WEAK = YES;
				CLANG_WARN_BLOCK_CAPTURE_AUTORELEASING = YES;
				CLANG_WARN_BOOL_CONVERSION = YES;
				CLANG_WARN_COMMA = YES;
				CLANG_WARN_CONSTANT_CONVERSION = YES;
				CLANG_WARN_DEPRECATED_OBJC_IMPLEMENTATIONS = YES;
				CLANG_WARN_DIRECT_OBJC_ISA_USAGE = YES_ERROR;
				CLANG_WARN_DOCUMENTATION_COMMENTS = YES;
				CLANG_WARN_EMPTY_BODY = YES;
				CLANG_WARN_ENUM_CONVERSION = YES;
				CLANG_WARN_INFINITE_RECURSION = YES;
				CLANG_WARN_INT_CONVERSION = YES;
				CLANG_WARN_NON_LITERAL_NULL_CONVERSION = YES;
				CLANG_WARN_OBJC_IMPLICIT_RETAIN_SELF = YES;
				CLANG_WARN_OBJC_LITERAL_CONVERSION = YES;
				CLANG_WARN_OBJC_ROOT_CLASS = YES_ERROR;
				CLANG_WARN_RANGE_LOOP_ANALYSIS = YES;
				CLANG_WARN_STRICT_PROTOTYPES = YES;
				CLANG_WARN_SUSPICIOUS_MOVE = YES;
				CLANG_WARN_UNGUARDED_AVAILABILITY = YES_AGGRESSIVE;
				CLANG_WARN_UNREACHABLE_CODE = YES;
				CLANG_WARN__DUPLICATE_METHOD_MATCH = YES;
				COPY_PHASE_STRIP = NO;
				DEBUG_INFORMATION_FORMAT = dwarf;
				ENABLE_STRICT_OBJC_MSGSEND = YES;
				ENABLE_TESTABILITY = YES;
				GCC_C_LANGUAGE_STANDARD = gnu11;
				GCC_DYNAMIC_NO_PIC = NO;
				GCC_NO_COMMON_BLOCKS = YES;
				GCC_OPTIMIZATION_LEVEL = 0;
				GCC_PREPROCESSOR_DEFINITIONS = (
					"DEBUG=1",
					"$(inherited)",
				);
				GCC_WARN_64_TO_32_BIT_CONVERSION = YES;
				GCC_WARN_ABOUT_RETURN_TYPE = YES_ERROR;
				GCC_WARN_UNDECLARED_SELECTOR = YES;
				GCC_WARN_UNINITIALIZED_AUTOS = YES_AGGRESSIVE;
				GCC_WARN_UNUSED_FUNCTION = YES;
				GCC_WARN_UNUSED_VARIABLE = YES;
				IPHONEOS_DEPLOYMENT_TARGET = 13.4;
				MTL_ENABLE_DEBUG_INFO = INCLUDE_SOURCE;
				MTL_FAST_MATH = YES;
				ONLY_ACTIVE_ARCH = YES;
				SDKROOT = iphoneos;
				SWIFT_ACTIVE_COMPILATION_CONDITIONS = DEBUG;
				SWIFT_OPTIMIZATION_LEVEL = "-Onone";
			};
			name = Debug;
		};
		95DEE7572483C99400EFA5AB /* Release */ = {
			isa = XCBuildConfiguration;
			buildSettings = {
				ALWAYS_SEARCH_USER_PATHS = NO;
				CLANG_ANALYZER_NONNULL = YES;
				CLANG_ANALYZER_NUMBER_OBJECT_CONVERSION = YES_AGGRESSIVE;
				CLANG_CXX_LANGUAGE_STANDARD = "gnu++14";
				CLANG_CXX_LIBRARY = "libc++";
				CLANG_ENABLE_MODULES = YES;
				CLANG_ENABLE_OBJC_ARC = YES;
				CLANG_ENABLE_OBJC_WEAK = YES;
				CLANG_WARN_BLOCK_CAPTURE_AUTORELEASING = YES;
				CLANG_WARN_BOOL_CONVERSION = YES;
				CLANG_WARN_COMMA = YES;
				CLANG_WARN_CONSTANT_CONVERSION = YES;
				CLANG_WARN_DEPRECATED_OBJC_IMPLEMENTATIONS = YES;
				CLANG_WARN_DIRECT_OBJC_ISA_USAGE = YES_ERROR;
				CLANG_WARN_DOCUMENTATION_COMMENTS = YES;
				CLANG_WARN_EMPTY_BODY = YES;
				CLANG_WARN_ENUM_CONVERSION = YES;
				CLANG_WARN_INFINITE_RECURSION = YES;
				CLANG_WARN_INT_CONVERSION = YES;
				CLANG_WARN_NON_LITERAL_NULL_CONVERSION = YES;
				CLANG_WARN_OBJC_IMPLICIT_RETAIN_SELF = YES;
				CLANG_WARN_OBJC_LITERAL_CONVERSION = YES;
				CLANG_WARN_OBJC_ROOT_CLASS = YES_ERROR;
				CLANG_WARN_RANGE_LOOP_ANALYSIS = YES;
				CLANG_WARN_STRICT_PROTOTYPES = YES;
				CLANG_WARN_SUSPICIOUS_MOVE = YES;
				CLANG_WARN_UNGUARDED_AVAILABILITY = YES_AGGRESSIVE;
				CLANG_WARN_UNREACHABLE_CODE = YES;
				CLANG_WARN__DUPLICATE_METHOD_MATCH = YES;
				COPY_PHASE_STRIP = NO;
				DEBUG_INFORMATION_FORMAT = "dwarf-with-dsym";
				ENABLE_NS_ASSERTIONS = NO;
				ENABLE_STRICT_OBJC_MSGSEND = YES;
				GCC_C_LANGUAGE_STANDARD = gnu11;
				GCC_NO_COMMON_BLOCKS = YES;
				GCC_WARN_64_TO_32_BIT_CONVERSION = YES;
				GCC_WARN_ABOUT_RETURN_TYPE = YES_ERROR;
				GCC_WARN_UNDECLARED_SELECTOR = YES;
				GCC_WARN_UNINITIALIZED_AUTOS = YES_AGGRESSIVE;
				GCC_WARN_UNUSED_FUNCTION = YES;
				GCC_WARN_UNUSED_VARIABLE = YES;
				IPHONEOS_DEPLOYMENT_TARGET = 13.4;
				MTL_ENABLE_DEBUG_INFO = NO;
				MTL_FAST_MATH = YES;
				SDKROOT = iphoneos;
				SWIFT_COMPILATION_MODE = wholemodule;
				SWIFT_OPTIMIZATION_LEVEL = "-O";
				VALIDATE_PRODUCT = YES;
			};
			name = Release;
		};
		95DEE7592483C99400EFA5AB /* Debug */ = {
			isa = XCBuildConfiguration;
			buildSettings = {
				ASSETCATALOG_COMPILER_APPICON_NAME = AppIcon;
				CODE_SIGN_STYLE = Automatic;
				DEVELOPMENT_TEAM = 7HRBP97NH3;
				INFOPLIST_FILE = OKMovieDB/Info.plist;
				LD_RUNPATH_SEARCH_PATHS = (
					"$(inherited)",
					"@executable_path/Frameworks",
				);
				PRODUCT_BUNDLE_IDENTIFIER = com.onderkosar.OKMovieDB;
				PRODUCT_NAME = "$(TARGET_NAME)";
				SWIFT_VERSION = 5.0;
				TARGETED_DEVICE_FAMILY = 1;
			};
			name = Debug;
		};
		95DEE75A2483C99400EFA5AB /* Release */ = {
			isa = XCBuildConfiguration;
			buildSettings = {
				ASSETCATALOG_COMPILER_APPICON_NAME = AppIcon;
				CODE_SIGN_STYLE = Automatic;
				DEVELOPMENT_TEAM = 7HRBP97NH3;
				INFOPLIST_FILE = OKMovieDB/Info.plist;
				LD_RUNPATH_SEARCH_PATHS = (
					"$(inherited)",
					"@executable_path/Frameworks",
				);
				PRODUCT_BUNDLE_IDENTIFIER = com.onderkosar.OKMovieDB;
				PRODUCT_NAME = "$(TARGET_NAME)";
				SWIFT_VERSION = 5.0;
				TARGETED_DEVICE_FAMILY = 1;
			};
			name = Release;
		};
/* End XCBuildConfiguration section */

/* Begin XCConfigurationList section */
		95DEE73F2483C99300EFA5AB /* Build configuration list for PBXProject "OKMovieDB" */ = {
			isa = XCConfigurationList;
			buildConfigurations = (
				95DEE7562483C99400EFA5AB /* Debug */,
				95DEE7572483C99400EFA5AB /* Release */,
			);
			defaultConfigurationIsVisible = 0;
			defaultConfigurationName = Release;
		};
		95DEE7582483C99400EFA5AB /* Build configuration list for PBXNativeTarget "OKMovieDB" */ = {
			isa = XCConfigurationList;
			buildConfigurations = (
				95DEE7592483C99400EFA5AB /* Debug */,
				95DEE75A2483C99400EFA5AB /* Release */,
			);
			defaultConfigurationIsVisible = 0;
			defaultConfigurationName = Release;
		};
/* End XCConfigurationList section */
	};
	rootObject = 95DEE73C2483C99300EFA5AB /* Project object */;
}
